
Microsoft Visual Studio Solution File, Format Version 12.00
# Visual Studio Version 16
VisualStudioVersion = 16.0.32228.343
MinimumVisualStudioVersion = 10.0.40219.1
Project("{FAE04EC0-301F-11D3-BF4B-00C04F79EFBC}") = "Ambrus.Wpf", "Ambrus\Ambrus.Wpf.csproj", "{E4980C2D-74BF-4797-BB80-1D11203CFA6E}"
EndProject
Project("{FAE04EC0-301F-11D3-BF4B-00C04F79EFBC}") = "Ambrus.Model", "Ambrus.Model\Ambrus.Model.csproj", "{2BCE72C8-9125-4B3E-8961-FA926409A117}"
EndProject
Project("{FAE04EC0-301F-11D3-BF4B-00C04F79EFBC}") = "Ambrus.Repository", "Ambrus.Repository\Ambrus.Repository.csproj", "{885E72A5-BFB3-4061-9999-5A7ACD9181C5}"
EndProject
Project("{FAE04EC0-301F-11D3-BF4B-00C04F79EFBC}") = "Ambrus.Logic", "Ambrus.Logic\Ambrus.Logic.csproj", "{DF5DC646-3D9C-4BCE-8E15-D8833F1F0172}"
EndProject
Project("{FAE04EC0-301F-11D3-BF4B-00C04F79EFBC}") = "Ambrus.Renderer", "Ambrus.Renderer\Ambrus.Renderer.csproj", "{36ED676B-C0C8-4FF1-A6E7-A60B6CFF337C}"
EndProject
Global
	GlobalSection(SolutionConfigurationPlatforms) = preSolution
		Debug|Any CPU = Debug|Any CPU
		Release|Any CPU = Release|Any CPU
	EndGlobalSection
	GlobalSection(ProjectConfigurationPlatforms) = postSolution
		{E4980C2D-74BF-4797-BB80-1D11203CFA6E}.Debug|Any CPU.ActiveCfg = Debug|Any CPU
		{E4980C2D-74BF-4797-BB80-1D11203CFA6E}.Debug|Any CPU.Build.0 = Debug|Any CPU
		{E4980C2D-74BF-4797-BB80-1D11203CFA6E}.Release|Any CPU.ActiveCfg = Release|Any CPU
		{E4980C2D-74BF-4797-BB80-1D11203CFA6E}.Release|Any CPU.Build.0 = Release|Any CPU
		{2BCE72C8-9125-4B3E-8961-FA926409A117}.Debug|Any CPU.ActiveCfg = Debug|Any CPU
		{2BCE72C8-9125-4B3E-8961-FA926409A117}.Debug|Any CPU.Build.0 = Debug|Any CPU
		{2BCE72C8-9125-4B3E-8961-FA926409A117}.Release|Any CPU.ActiveCfg = Release|Any CPU
		{2BCE72C8-9125-4B3E-8961-FA926409A117}.Release|Any CPU.Build.0 = Release|Any CPU
		{885E72A5-BFB3-4061-9999-5A7ACD9181C5}.Debug|Any CPU.ActiveCfg = Debug|Any CPU
		{885E72A5-BFB3-4061-9999-5A7ACD9181C5}.Debug|Any CPU.Build.0 = Debug|Any CPU
		{885E72A5-BFB3-4061-9999-5A7ACD9181C5}.Release|Any CPU.ActiveCfg = Release|Any CPU
		{885E72A5-BFB3-4061-9999-5A7ACD9181C5}.Release|Any CPU.Build.0 = Release|Any CPU
		{DF5DC646-3D9C-4BCE-8E15-D8833F1F0172}.Debug|Any CPU.ActiveCfg = Debug|Any CPU
		{DF5DC646-3D9C-4BCE-8E15-D8833F1F0172}.Debug|Any CPU.Build.0 = Debug|Any CPU
		{DF5DC646-3D9C-4BCE-8E15-D8833F1F0172}.Release|Any CPU.ActiveCfg = Release|Any CPU
		{DF5DC646-3D9C-4BCE-8E15-D8833F1F0172}.Release|Any CPU.Build.0 = Release|Any CPU
		{36ED676B-C0C8-4FF1-A6E7-A60B6CFF337C}.Debug|Any CPU.ActiveCfg = Debug|Any CPU
		{36ED676B-C0C8-4FF1-A6E7-A60B6CFF337C}.Debug|Any CPU.Build.0 = Debug|Any CPU
		{36ED676B-C0C8-4FF1-A6E7-A60B6CFF337C}.Release|Any CPU.ActiveCfg = Release|Any CPU
		{36ED676B-C0C8-4FF1-A6E7-A60B6CFF337C}.Release|Any CPU.Build.0 = Release|Any CPU
	EndGlobalSection
	GlobalSection(SolutionProperties) = preSolution
		HideSolutionNode = FALSE
	EndGlobalSection
	GlobalSection(ExtensibilityGlobals) = postSolution
		SolutionGuid = {E82F775D-8FCC-43A2-96A0-588B84D2C8A2}
	EndGlobalSection
EndGlobal
